
Microsoft Visual Studio Solution File, Format Version 12.00
# Visual Studio Version 17
VisualStudioVersion = 17.4.33213.308
MinimumVisualStudioVersion = 10.0.40219.1
Project("{FAE04EC0-301F-11D3-BF4B-00C04F79EFBC}") = "RunningWebApp", "RunningWebApp\RunningWebApp.csproj", "{FC4A1120-04E2-41F2-B520-051A41C50252}"
EndProject
Global
	GlobalSection(SolutionConfigurationPlatforms) = preSolution
		Debug|Any CPU = Debug|Any CPU
		Release|Any CPU = Release|Any CPU
	EndGlobalSection
	GlobalSection(ProjectConfigurationPlatforms) = postSolution
		{FC4A1120-04E2-41F2-B520-051A41C50252}.Debug|Any CPU.ActiveCfg = Debug|Any CPU
		{FC4A1120-04E2-41F2-B520-051A41C50252}.Debug|Any CPU.Build.0 = Debug|Any CPU
		{FC4A1120-04E2-41F2-B520-051A41C50252}.Release|Any CPU.ActiveCfg = Release|Any CPU
		{FC4A1120-04E2-41F2-B520-051A41C50252}.Release|Any CPU.Build.0 = Release|Any CPU
	EndGlobalSection
	GlobalSection(SolutionProperties) = preSolution
		HideSolutionNode = FALSE
	EndGlobalSection
	GlobalSection(ExtensibilityGlobals) = postSolution
		SolutionGuid = {58D4A7E6-5184-4415-BE2B-321E10D829BE}
	EndGlobalSection
EndGlobal
